# THIS IS AN AUTOGENERATED FILE. DO NOT EDIT THIS FILE DIRECTLY.
# yarn lockfile v1


denque@^1.5.0:
  version "1.5.1"
  resolved "https://registry.nlark.com/denque/download/denque-1.5.1.tgz?cache=0&sync_timestamp=1630410038868&other_urls=https%3A%2F%2Fregistry.nlark.com%2Fdenque%2Fdownload%2Fdenque-1.5.1.tgz#07f670e29c9a78f8faecb2566a1e2c11929c5cbf"
  integrity sha1-B/Zw4pyaePj67LJWah4sEZKcXL8=

redis-commands@^1.7.0:
  version "1.7.0"
  resolved "https://registry.npm.taobao.org/redis-commands/download/redis-commands-1.7.0.tgz?cache=0&sync_timestamp=1612586456630&other_urls=https%3A%2F%2Fregistry.npm.taobao.org%2Fredis-commands%2Fdownload%2Fredis-commands-1.7.0.tgz#15a6fea2d58281e27b1cd1acfb4b293e278c3a89"
  integrity sha1-Fab+otWCgeJ7HNGs+0spPieMOok=

redis-errors@^1.0.0, redis-errors@^1.2.0:
  version "1.2.0"
  resolved "https://registry.npm.taobao.org/redis-errors/download/redis-errors-1.2.0.tgz#eb62d2adb15e4eaf4610c04afe1529384250abad"
  integrity sha1-62LSrbFeTq9GEMBK/hUpOEJQq60=

redis-parser@^3.0.0:
  version "3.0.0"
  resolved "https://registry.npm.taobao.org/redis-parser/download/redis-parser-3.0.0.tgz#b66d828cdcafe6b4b8a428a7def4c6bcac31c8b4"
  integrity sha1-tm2CjNyv5rS4pCin3vTGvKwxyLQ=
  dependencies:
    redis-errors "^1.0.0"

redis@^3.1.2:
  version "3.1.2"
  resolved "https://registry.nlark.com/redis/download/redis-3.1.2.tgz#766851117e80653d23e0ed536254677ab647638c"
  integrity sha1-dmhREX6AZT0j4O1TYlRnerZHY4w=
  dependencies:
    denque "^1.5.0"
    redis-commands "^1.7.0"
    redis-errors "^1.2.0"
    redis-parser "^3.0.0"
